
Microsoft Visual Studio Solution File, Format Version 12.00
# Visual Studio Version 17
VisualStudioVersion = 17.0.31912.275
MinimumVisualStudioVersion = 10.0.40219.1
Project("{FAE04EC0-301F-11D3-BF4B-00C04F79EFBC}") = "BAND_APA_WEB_APP", "BAND_APA_WEB_APP\BAND_APA_WEB_APP.csproj", "{B07C6169-0054-4B44-A5DA-BC805172210B}"
EndProject
Global
	GlobalSection(SolutionConfigurationPlatforms) = preSolution
		Debug|Any CPU = Debug|Any CPU
		Release|Any CPU = Release|Any CPU
	EndGlobalSection
	GlobalSection(ProjectConfigurationPlatforms) = postSolution
		{B07C6169-0054-4B44-A5DA-BC805172210B}.Debug|Any CPU.ActiveCfg = Debug|Any CPU
		{B07C6169-0054-4B44-A5DA-BC805172210B}.Debug|Any CPU.Build.0 = Debug|Any CPU
		{B07C6169-0054-4B44-A5DA-BC805172210B}.Release|Any CPU.ActiveCfg = Release|Any CPU
		{B07C6169-0054-4B44-A5DA-BC805172210B}.Release|Any CPU.Build.0 = Release|Any CPU
	EndGlobalSection
	GlobalSection(SolutionProperties) = preSolution
		HideSolutionNode = FALSE
	EndGlobalSection
	GlobalSection(ExtensibilityGlobals) = postSolution
		SolutionGuid = {3A8A5EED-51AB-4A07-90C2-5CD174FD5BAE}
	EndGlobalSection
EndGlobal
