
Microsoft Visual Studio Solution File, Format Version 12.00
# Visual Studio Version 17
VisualStudioVersion = 17.0.32002.185
MinimumVisualStudioVersion = 10.0.40219.1
Project("{FAE04EC0-301F-11D3-BF4B-00C04F79EFBC}") = "BAND_APA_WEB_APP", "BAND_APA_WEB_APP\BAND_APA_WEB_APP.csproj", "{F07B608C-D259-4D09-9A5C-986B0AE6C733}"
EndProject
Global
	GlobalSection(SolutionConfigurationPlatforms) = preSolution
		Debug|Any CPU = Debug|Any CPU
		Release|Any CPU = Release|Any CPU
	EndGlobalSection
	GlobalSection(ProjectConfigurationPlatforms) = postSolution
		{F07B608C-D259-4D09-9A5C-986B0AE6C733}.Debug|Any CPU.ActiveCfg = Debug|Any CPU
		{F07B608C-D259-4D09-9A5C-986B0AE6C733}.Debug|Any CPU.Build.0 = Debug|Any CPU
		{F07B608C-D259-4D09-9A5C-986B0AE6C733}.Release|Any CPU.ActiveCfg = Release|Any CPU
		{F07B608C-D259-4D09-9A5C-986B0AE6C733}.Release|Any CPU.Build.0 = Release|Any CPU
	EndGlobalSection
	GlobalSection(SolutionProperties) = preSolution
		HideSolutionNode = FALSE
	EndGlobalSection
	GlobalSection(ExtensibilityGlobals) = postSolution
		SolutionGuid = {E79933CD-EAA8-4EEB-B023-A3D8F54BF575}
	EndGlobalSection
EndGlobal
